{
  "name": "chalk-advanced",
  "version": "1.0.1",
  "lockfileVersion": 2,
  "requires": true,
  "packages": {
    "": {
      "name": "chalk-advanced",
      "version": "1.0.1",
      "license": "MIT",
      "dependencies": {
        "chalk-advanced": "^1.0.1"
      }
    },
    "node_modules/chalk-advanced": {
      "version": "1.0.1",
      "resolved": "https://registry.npmjs.org/chalk-advanced/-/chalk-advanced-1.0.1.tgz",
      "integrity": "sha512-QV8BBJKPmbT71j5UxOvzpSeM35vdRYM5cVtf8k2sIpJRSYL60jfbOanV/OMg9QKJooohLxlukkIX5EyvLqfYqA=="
    }
  },
  "dependencies": {
    "chalk-advanced": {
      "version": "1.0.1",
      "resolved": "https://registry.npmjs.org/chalk-advanced/-/chalk-advanced-1.0.1.tgz",
      "integrity": "sha512-QV8BBJKPmbT71j5UxOvzpSeM35vdRYM5cVtf8k2sIpJRSYL60jfbOanV/OMg9QKJooohLxlukkIX5EyvLqfYqA=="
    }
  }
}
